// !$*UTF8*$!
{
	archiveVersion = 1;
	classes = {
	};
	objectVersion = 55;
	objects = {

/* Begin PBXBuildFile section */
		ECFAC8EB27C13F1200BADB47 /* AppDelegate.swift in Sources */ = {isa = PBXBuildFile; fileRef = ECFAC8EA27C13F1200BADB47 /* AppDelegate.swift */; };
		ECFAC8ED27C13F1200BADB47 /* SceneDelegate.swift in Sources */ = {isa = PBXBuildFile; fileRef = ECFAC8EC27C13F1200BADB47 /* SceneDelegate.swift */; };
		ECFAC8F227C13F1200BADB47 /* Main.storyboard in Resources */ = {isa = PBXBuildFile; fileRef = ECFAC8F027C13F1200BADB47 /* Main.storyboard */; };
		ECFAC8F427C13F1500BADB47 /* Assets.xcassets in Resources */ = {isa = PBXBuildFile; fileRef = ECFAC8F327C13F1500BADB47 /* Assets.xcassets */; };
		ECFAC8F727C13F1500BADB47 /* LaunchScreen.storyboard in Resources */ = {isa = PBXBuildFile; fileRef = ECFAC8F527C13F1500BADB47 /* LaunchScreen.storyboard */; };
		ECFAC90027C1570500BADB47 /* Announce.swift in Sources */ = {isa = PBXBuildFile; fileRef = ECFAC8FF27C1570500BADB47 /* Announce.swift */; };
		ECFAC90227C1599000BADB47 /* Category.swift in Sources */ = {isa = PBXBuildFile; fileRef = ECFAC90127C1599000BADB47 /* Category.swift */; };
		ECFAC90527C15C5B00BADB47 /* NetworkService.swift in Sources */ = {isa = PBXBuildFile; fileRef = ECFAC90427C15C5B00BADB47 /* NetworkService.swift */; };
		ECFAC90927C15DBD00BADB47 /* AnnounceListViewModel.swift in Sources */ = {isa = PBXBuildFile; fileRef = ECFAC90827C15DBD00BADB47 /* AnnounceListViewModel.swift */; };
		ECFAC90B27C15EDB00BADB47 /* AnnounceViewModel.swift in Sources */ = {isa = PBXBuildFile; fileRef = ECFAC90A27C15EDB00BADB47 /* AnnounceViewModel.swift */; };
		ECFAC90D27C165EA00BADB47 /* AnnounceListViewController.swift in Sources */ = {isa = PBXBuildFile; fileRef = ECFAC90C27C165EA00BADB47 /* AnnounceListViewController.swift */; };
/* End PBXBuildFile section */

/* Begin PBXFileReference section */
		ECFAC8E727C13F1200BADB47 /* TestTechniqueLeboncoin.app */ = {isa = PBXFileReference; explicitFileType = wrapper.application; includeInIndex = 0; path = TestTechniqueLeboncoin.app; sourceTree = BUILT_PRODUCTS_DIR; };
		ECFAC8EA27C13F1200BADB47 /* AppDelegate.swift */ = {isa = PBXFileReference; lastKnownFileType = sourcecode.swift; path = AppDelegate.swift; sourceTree = "<group>"; };
		ECFAC8EC27C13F1200BADB47 /* SceneDelegate.swift */ = {isa = PBXFileReference; lastKnownFileType = sourcecode.swift; path = SceneDelegate.swift; sourceTree = "<group>"; };
		ECFAC8F127C13F1200BADB47 /* Base */ = {isa = PBXFileReference; lastKnownFileType = file.storyboard; name = Base; path = Base.lproj/Main.storyboard; sourceTree = "<group>"; };
		ECFAC8F327C13F1500BADB47 /* Assets.xcassets */ = {isa = PBXFileReference; lastKnownFileType = folder.assetcatalog; path = Assets.xcassets; sourceTree = "<group>"; };
		ECFAC8F627C13F1500BADB47 /* Base */ = {isa = PBXFileReference; lastKnownFileType = file.storyboard; name = Base; path = Base.lproj/LaunchScreen.storyboard; sourceTree = "<group>"; };
		ECFAC8F827C13F1500BADB47 /* Info.plist */ = {isa = PBXFileReference; lastKnownFileType = text.plist.xml; path = Info.plist; sourceTree = "<group>"; };
		ECFAC8FF27C1570500BADB47 /* Announce.swift */ = {isa = PBXFileReference; lastKnownFileType = sourcecode.swift; path = Announce.swift; sourceTree = "<group>"; };
		ECFAC90127C1599000BADB47 /* Category.swift */ = {isa = PBXFileReference; lastKnownFileType = sourcecode.swift; path = Category.swift; sourceTree = "<group>"; };
		ECFAC90427C15C5B00BADB47 /* NetworkService.swift */ = {isa = PBXFileReference; lastKnownFileType = sourcecode.swift; path = NetworkService.swift; sourceTree = "<group>"; };
		ECFAC90827C15DBD00BADB47 /* AnnounceListViewModel.swift */ = {isa = PBXFileReference; lastKnownFileType = sourcecode.swift; path = AnnounceListViewModel.swift; sourceTree = "<group>"; };
		ECFAC90A27C15EDB00BADB47 /* AnnounceViewModel.swift */ = {isa = PBXFileReference; lastKnownFileType = sourcecode.swift; path = AnnounceViewModel.swift; sourceTree = "<group>"; };
		ECFAC90C27C165EA00BADB47 /* AnnounceListViewController.swift */ = {isa = PBXFileReference; lastKnownFileType = sourcecode.swift; path = AnnounceListViewController.swift; sourceTree = "<group>"; };
/* End PBXFileReference section */

/* Begin PBXFrameworksBuildPhase section */
		ECFAC8E427C13F1200BADB47 /* Frameworks */ = {
			isa = PBXFrameworksBuildPhase;
			buildActionMask = 2147483647;
			files = (
			);
			runOnlyForDeploymentPostprocessing = 0;
		};
/* End PBXFrameworksBuildPhase section */

/* Begin PBXGroup section */
		ECFAC8DE27C13F1200BADB47 = {
			isa = PBXGroup;
			children = (
				ECFAC8E927C13F1200BADB47 /* TestTechniqueLeboncoin */,
				ECFAC8E827C13F1200BADB47 /* Products */,
			);
			sourceTree = "<group>";
		};
		ECFAC8E827C13F1200BADB47 /* Products */ = {
			isa = PBXGroup;
			children = (
				ECFAC8E727C13F1200BADB47 /* TestTechniqueLeboncoin.app */,
			);
			name = Products;
			sourceTree = "<group>";
		};
		ECFAC8E927C13F1200BADB47 /* TestTechniqueLeboncoin */ = {
			isa = PBXGroup;
			children = (
				ECFAC90627C15D3C00BADB47 /* Screen */,
				ECFAC90327C15A1400BADB47 /* Service */,
				ECFAC8FE27C156B700BADB47 /* Model */,
				ECFAC8EA27C13F1200BADB47 /* AppDelegate.swift */,
				ECFAC8EC27C13F1200BADB47 /* SceneDelegate.swift */,
				ECFAC8F027C13F1200BADB47 /* Main.storyboard */,
				ECFAC8F327C13F1500BADB47 /* Assets.xcassets */,
				ECFAC8F527C13F1500BADB47 /* LaunchScreen.storyboard */,
				ECFAC8F827C13F1500BADB47 /* Info.plist */,
			);
			path = TestTechniqueLeboncoin;
			sourceTree = "<group>";
		};
		ECFAC8FE27C156B700BADB47 /* Model */ = {
			isa = PBXGroup;
			children = (
				ECFAC8FF27C1570500BADB47 /* Announce.swift */,
				ECFAC90127C1599000BADB47 /* Category.swift */,
			);
			path = Model;
			sourceTree = "<group>";
		};
		ECFAC90327C15A1400BADB47 /* Service */ = {
			isa = PBXGroup;
			children = (
				ECFAC90427C15C5B00BADB47 /* NetworkService.swift */,
			);
			path = Service;
			sourceTree = "<group>";
		};
		ECFAC90627C15D3C00BADB47 /* Screen */ = {
			isa = PBXGroup;
			children = (
				ECFAC90727C15D4B00BADB47 /* Announce */,
			);
			path = Screen;
			sourceTree = "<group>";
		};
		ECFAC90727C15D4B00BADB47 /* Announce */ = {
			isa = PBXGroup;
			children = (
				ECFAC90C27C165EA00BADB47 /* AnnounceListViewController.swift */,
				ECFAC90827C15DBD00BADB47 /* AnnounceListViewModel.swift */,
				ECFAC90A27C15EDB00BADB47 /* AnnounceViewModel.swift */,
			);
			path = Announce;
			sourceTree = "<group>";
		};
/* End PBXGroup section */

/* Begin PBXNativeTarget section */
		ECFAC8E627C13F1200BADB47 /* TestTechniqueLeboncoin */ = {
			isa = PBXNativeTarget;
			buildConfigurationList = ECFAC8FB27C13F1500BADB47 /* Build configuration list for PBXNativeTarget "TestTechniqueLeboncoin" */;
			buildPhases = (
				ECFAC8E327C13F1200BADB47 /* Sources */,
				ECFAC8E427C13F1200BADB47 /* Frameworks */,
				ECFAC8E527C13F1200BADB47 /* Resources */,
			);
			buildRules = (
			);
			dependencies = (
			);
			name = TestTechniqueLeboncoin;
			productName = TestTechniqueLeboncoin;
			productReference = ECFAC8E727C13F1200BADB47 /* TestTechniqueLeboncoin.app */;
			productType = "com.apple.product-type.application";
		};
/* End PBXNativeTarget section */

/* Begin PBXProject section */
		ECFAC8DF27C13F1200BADB47 /* Project object */ = {
			isa = PBXProject;
			attributes = {
				BuildIndependentTargetsInParallel = 1;
				LastSwiftUpdateCheck = 1320;
				LastUpgradeCheck = 1320;
				TargetAttributes = {
					ECFAC8E627C13F1200BADB47 = {
						CreatedOnToolsVersion = 13.2.1;
					};
				};
			};
			buildConfigurationList = ECFAC8E227C13F1200BADB47 /* Build configuration list for PBXProject "TestTechniqueLeboncoin" */;
			compatibilityVersion = "Xcode 13.0";
			developmentRegion = en;
			hasScannedForEncodings = 0;
			knownRegions = (
				en,
				Base,
			);
			mainGroup = ECFAC8DE27C13F1200BADB47;
			productRefGroup = ECFAC8E827C13F1200BADB47 /* Products */;
			projectDirPath = "";
			projectRoot = "";
			targets = (
				ECFAC8E627C13F1200BADB47 /* TestTechniqueLeboncoin */,
			);
		};
/* End PBXProject section */

/* Begin PBXResourcesBuildPhase section */
		ECFAC8E527C13F1200BADB47 /* Resources */ = {
			isa = PBXResourcesBuildPhase;
			buildActionMask = 2147483647;
			files = (
				ECFAC8F727C13F1500BADB47 /* LaunchScreen.storyboard in Resources */,
				ECFAC8F427C13F1500BADB47 /* Assets.xcassets in Resources */,
				ECFAC8F227C13F1200BADB47 /* Main.storyboard in Resources */,
			);
			runOnlyForDeploymentPostprocessing = 0;
		};
/* End PBXResourcesBuildPhase section */

/* Begin PBXSourcesBuildPhase section */
		ECFAC8E327C13F1200BADB47 /* Sources */ = {
			isa = PBXSourcesBuildPhase;
			buildActionMask = 2147483647;
			files = (
				ECFAC90027C1570500BADB47 /* Announce.swift in Sources */,
				ECFAC90227C1599000BADB47 /* Category.swift in Sources */,
				ECFAC8EB27C13F1200BADB47 /* AppDelegate.swift in Sources */,
				ECFAC90527C15C5B00BADB47 /* NetworkService.swift in Sources */,
				ECFAC90B27C15EDB00BADB47 /* AnnounceViewModel.swift in Sources */,
				ECFAC8ED27C13F1200BADB47 /* SceneDelegate.swift in Sources */,
				ECFAC90D27C165EA00BADB47 /* AnnounceListViewController.swift in Sources */,
				ECFAC90927C15DBD00BADB47 /* AnnounceListViewModel.swift in Sources */,
			);
			runOnlyForDeploymentPostprocessing = 0;
		};
/* End PBXSourcesBuildPhase section */

/* Begin PBXVariantGroup section */
		ECFAC8F027C13F1200BADB47 /* Main.storyboard */ = {
			isa = PBXVariantGroup;
			children = (
				ECFAC8F127C13F1200BADB47 /* Base */,
			);
			name = Main.storyboard;
			sourceTree = "<group>";
		};
		ECFAC8F527C13F1500BADB47 /* LaunchScreen.storyboard */ = {
			isa = PBXVariantGroup;
			children = (
				ECFAC8F627C13F1500BADB47 /* Base */,
			);
			name = LaunchScreen.storyboard;
			sourceTree = "<group>";
		};
/* End PBXVariantGroup section */

/* Begin XCBuildConfiguration section */
		ECFAC8F927C13F1500BADB47 /* Debug */ = {
			isa = XCBuildConfiguration;
			buildSettings = {
				ALWAYS_SEARCH_USER_PATHS = NO;
				CLANG_ANALYZER_NONNULL = YES;
				CLANG_ANALYZER_NUMBER_OBJECT_CONVERSION = YES_AGGRESSIVE;
				CLANG_CXX_LANGUAGE_STANDARD = "gnu++17";
				CLANG_CXX_LIBRARY = "libc++";
				CLANG_ENABLE_MODULES = YES;
				CLANG_ENABLE_OBJC_ARC = YES;
				CLANG_ENABLE_OBJC_WEAK = YES;
				CLANG_WARN_BLOCK_CAPTURE_AUTORELEASING = YES;
				CLANG_WARN_BOOL_CONVERSION = YES;
				CLANG_WARN_COMMA = YES;
				CLANG_WARN_CONSTANT_CONVERSION = YES;
				CLANG_WARN_DEPRECATED_OBJC_IMPLEMENTATIONS = YES;
				CLANG_WARN_DIRECT_OBJC_ISA_USAGE = YES_ERROR;
				CLANG_WARN_DOCUMENTATION_COMMENTS = YES;
				CLANG_WARN_EMPTY_BODY = YES;
				CLANG_WARN_ENUM_CONVERSION = YES;
				CLANG_WARN_INFINITE_RECURSION = YES;
				CLANG_WARN_INT_CONVERSION = YES;
				CLANG_WARN_NON_LITERAL_NULL_CONVERSION = YES;
				CLANG_WARN_OBJC_IMPLICIT_RETAIN_SELF = YES;
				CLANG_WARN_OBJC_LITERAL_CONVERSION = YES;
				CLANG_WARN_OBJC_ROOT_CLASS = YES_ERROR;
				CLANG_WARN_QUOTED_INCLUDE_IN_FRAMEWORK_HEADER = YES;
				CLANG_WARN_RANGE_LOOP_ANALYSIS = YES;
				CLANG_WARN_STRICT_PROTOTYPES = YES;
				CLANG_WARN_SUSPICIOUS_MOVE = YES;
				CLANG_WARN_UNGUARDED_AVAILABILITY = YES_AGGRESSIVE;
				CLANG_WARN_UNREACHABLE_CODE = YES;
				CLANG_WARN__DUPLICATE_METHOD_MATCH = YES;
				COPY_PHASE_STRIP = NO;
				DEBUG_INFORMATION_FORMAT = dwarf;
				ENABLE_STRICT_OBJC_MSGSEND = YES;
				ENABLE_TESTABILITY = YES;
				GCC_C_LANGUAGE_STANDARD = gnu11;
				GCC_DYNAMIC_NO_PIC = NO;
				GCC_NO_COMMON_BLOCKS = YES;
				GCC_OPTIMIZATION_LEVEL = 0;
				GCC_PREPROCESSOR_DEFINITIONS = (
					"DEBUG=1",
					"$(inherited)",
				);
				GCC_WARN_64_TO_32_BIT_CONVERSION = YES;
				GCC_WARN_ABOUT_RETURN_TYPE = YES_ERROR;
				GCC_WARN_UNDECLARED_SELECTOR = YES;
				GCC_WARN_UNINITIALIZED_AUTOS = YES_AGGRESSIVE;
				GCC_WARN_UNUSED_FUNCTION = YES;
				GCC_WARN_UNUSED_VARIABLE = YES;
				IPHONEOS_DEPLOYMENT_TARGET = 15.2;
				MTL_ENABLE_DEBUG_INFO = INCLUDE_SOURCE;
				MTL_FAST_MATH = YES;
				ONLY_ACTIVE_ARCH = YES;
				SDKROOT = iphoneos;
				SWIFT_ACTIVE_COMPILATION_CONDITIONS = DEBUG;
				SWIFT_OPTIMIZATION_LEVEL = "-Onone";
			};
			name = Debug;
		};
		ECFAC8FA27C13F1500BADB47 /* Release */ = {
			isa = XCBuildConfiguration;
			buildSettings = {
				ALWAYS_SEARCH_USER_PATHS = NO;
				CLANG_ANALYZER_NONNULL = YES;
				CLANG_ANALYZER_NUMBER_OBJECT_CONVERSION = YES_AGGRESSIVE;
				CLANG_CXX_LANGUAGE_STANDARD = "gnu++17";
				CLANG_CXX_LIBRARY = "libc++";
				CLANG_ENABLE_MODULES = YES;
				CLANG_ENABLE_OBJC_ARC = YES;
				CLANG_ENABLE_OBJC_WEAK = YES;
				CLANG_WARN_BLOCK_CAPTURE_AUTORELEASING = YES;
				CLANG_WARN_BOOL_CONVERSION = YES;
				CLANG_WARN_COMMA = YES;
				CLANG_WARN_CONSTANT_CONVERSION = YES;
				CLANG_WARN_DEPRECATED_OBJC_IMPLEMENTATIONS = YES;
				CLANG_WARN_DIRECT_OBJC_ISA_USAGE = YES_ERROR;
				CLANG_WARN_DOCUMENTATION_COMMENTS = YES;
				CLANG_WARN_EMPTY_BODY = YES;
				CLANG_WARN_ENUM_CONVERSION = YES;
				CLANG_WARN_INFINITE_RECURSION = YES;
				CLANG_WARN_INT_CONVERSION = YES;
				CLANG_WARN_NON_LITERAL_NULL_CONVERSION = YES;
				CLANG_WARN_OBJC_IMPLICIT_RETAIN_SELF = YES;
				CLANG_WARN_OBJC_LITERAL_CONVERSION = YES;
				CLANG_WARN_OBJC_ROOT_CLASS = YES_ERROR;
				CLANG_WARN_QUOTED_INCLUDE_IN_FRAMEWORK_HEADER = YES;
				CLANG_WARN_RANGE_LOOP_ANALYSIS = YES;
				CLANG_WARN_STRICT_PROTOTYPES = YES;
				CLANG_WARN_SUSPICIOUS_MOVE = YES;
				CLANG_WARN_UNGUARDED_AVAILABILITY = YES_AGGRESSIVE;
				CLANG_WARN_UNREACHABLE_CODE = YES;
				CLANG_WARN__DUPLICATE_METHOD_MATCH = YES;
				COPY_PHASE_STRIP = NO;
				DEBUG_INFORMATION_FORMAT = "dwarf-with-dsym";
				ENABLE_NS_ASSERTIONS = NO;
				ENABLE_STRICT_OBJC_MSGSEND = YES;
				GCC_C_LANGUAGE_STANDARD = gnu11;
				GCC_NO_COMMON_BLOCKS = YES;
				GCC_WARN_64_TO_32_BIT_CONVERSION = YES;
				GCC_WARN_ABOUT_RETURN_TYPE = YES_ERROR;
				GCC_WARN_UNDECLARED_SELECTOR = YES;
				GCC_WARN_UNINITIALIZED_AUTOS = YES_AGGRESSIVE;
				GCC_WARN_UNUSED_FUNCTION = YES;
				GCC_WARN_UNUSED_VARIABLE = YES;
				IPHONEOS_DEPLOYMENT_TARGET = 15.2;
				MTL_ENABLE_DEBUG_INFO = NO;
				MTL_FAST_MATH = YES;
				SDKROOT = iphoneos;
				SWIFT_COMPILATION_MODE = wholemodule;
				SWIFT_OPTIMIZATION_LEVEL = "-O";
				VALIDATE_PRODUCT = YES;
			};
			name = Release;
		};
		ECFAC8FC27C13F1500BADB47 /* Debug */ = {
			isa = XCBuildConfiguration;
			buildSettings = {
				ASSETCATALOG_COMPILER_APPICON_NAME = AppIcon;
				ASSETCATALOG_COMPILER_GLOBAL_ACCENT_COLOR_NAME = AccentColor;
				CODE_SIGN_STYLE = Automatic;
				CURRENT_PROJECT_VERSION = 1;
				DEVELOPMENT_TEAM = LVECUMKDR4;
				GENERATE_INFOPLIST_FILE = YES;
				INFOPLIST_FILE = TestTechniqueLeboncoin/Info.plist;
				INFOPLIST_KEY_UIApplicationSupportsIndirectInputEvents = YES;
				INFOPLIST_KEY_UILaunchStoryboardName = LaunchScreen;
				INFOPLIST_KEY_UIMainStoryboardFile = Main;
				INFOPLIST_KEY_UISupportedInterfaceOrientations = "";
				INFOPLIST_KEY_UISupportedInterfaceOrientations_iPad = "UIInterfaceOrientationPortrait UIInterfaceOrientationPortraitUpsideDown UIInterfaceOrientationLandscapeLeft UIInterfaceOrientationLandscapeRight";
				INFOPLIST_KEY_UISupportedInterfaceOrientations_iPhone = "UIInterfaceOrientationPortrait UIInterfaceOrientationLandscapeLeft UIInterfaceOrientationLandscapeRight";
				IPHONEOS_DEPLOYMENT_TARGET = 14.0;
				LD_RUNPATH_SEARCH_PATHS = (
					"$(inherited)",
					"@executable_path/Frameworks",
				);
				MARKETING_VERSION = 1.0;
				PRODUCT_BUNDLE_IDENTIFIER = br.com.gustavoserra.TestTechniqueLeboncoin;
				PRODUCT_NAME = "$(TARGET_NAME)";
				SWIFT_EMIT_LOC_STRINGS = YES;
				SWIFT_VERSION = 5.0;
				TARGETED_DEVICE_FAMILY = "1,2";
			};
			name = Debug;
		};
		ECFAC8FD27C13F1500BADB47 /* Release */ = {
			isa = XCBuildConfiguration;
			buildSettings = {
				ASSETCATALOG_COMPILER_APPICON_NAME = AppIcon;
				ASSETCATALOG_COMPILER_GLOBAL_ACCENT_COLOR_NAME = AccentColor;
				CODE_SIGN_STYLE = Automatic;
				CURRENT_PROJECT_VERSION = 1;
				DEVELOPMENT_TEAM = LVECUMKDR4;
				GENERATE_INFOPLIST_FILE = YES;
				INFOPLIST_FILE = TestTechniqueLeboncoin/Info.plist;
				INFOPLIST_KEY_UIApplicationSupportsIndirectInputEvents = YES;
				INFOPLIST_KEY_UILaunchStoryboardName = LaunchScreen;
				INFOPLIST_KEY_UIMainStoryboardFile = Main;
				INFOPLIST_KEY_UISupportedInterfaceOrientations = "";
				INFOPLIST_KEY_UISupportedInterfaceOrientations_iPad = "UIInterfaceOrientationPortrait UIInterfaceOrientationPortraitUpsideDown UIInterfaceOrientationLandscapeLeft UIInterfaceOrientationLandscapeRight";
				INFOPLIST_KEY_UISupportedInterfaceOrientations_iPhone = "UIInterfaceOrientationPortrait UIInterfaceOrientationLandscapeLeft UIInterfaceOrientationLandscapeRight";
				IPHONEOS_DEPLOYMENT_TARGET = 14.0;
				LD_RUNPATH_SEARCH_PATHS = (
					"$(inherited)",
					"@executable_path/Frameworks",
				);
				MARKETING_VERSION = 1.0;
				PRODUCT_BUNDLE_IDENTIFIER = br.com.gustavoserra.TestTechniqueLeboncoin;
				PRODUCT_NAME = "$(TARGET_NAME)";
				SWIFT_EMIT_LOC_STRINGS = YES;
				SWIFT_VERSION = 5.0;
				TARGETED_DEVICE_FAMILY = "1,2";
			};
			name = Release;
		};
/* End XCBuildConfiguration section */

/* Begin XCConfigurationList section */
		ECFAC8E227C13F1200BADB47 /* Build configuration list for PBXProject "TestTechniqueLeboncoin" */ = {
			isa = XCConfigurationList;
			buildConfigurations = (
				ECFAC8F927C13F1500BADB47 /* Debug */,
				ECFAC8FA27C13F1500BADB47 /* Release */,
			);
			defaultConfigurationIsVisible = 0;
			defaultConfigurationName = Release;
		};
		ECFAC8FB27C13F1500BADB47 /* Build configuration list for PBXNativeTarget "TestTechniqueLeboncoin" */ = {
			isa = XCConfigurationList;
			buildConfigurations = (
				ECFAC8FC27C13F1500BADB47 /* Debug */,
				ECFAC8FD27C13F1500BADB47 /* Release */,
			);
			defaultConfigurationIsVisible = 0;
			defaultConfigurationName = Release;
		};
/* End XCConfigurationList section */
	};
	rootObject = ECFAC8DF27C13F1200BADB47 /* Project object */;
}
